
Microsoft Visual Studio Solution File, Format Version 12.00
# Visual Studio Version 17
VisualStudioVersion = 17.3.32901.215
MinimumVisualStudioVersion = 10.0.40219.1
Project("{9A19103F-16F7-4668-BE54-9A1E7A4F7556}") = "Calculator", "Calculator.csproj", "{0A01E2FF-6E0F-4465-BD3F-1E5B6149DBBA}"
EndProject
Global
	GlobalSection(SolutionConfigurationPlatforms) = preSolution
		Debug|Any CPU = Debug|Any CPU
		Release|Any CPU = Release|Any CPU
	EndGlobalSection
	GlobalSection(ProjectConfigurationPlatforms) = postSolution
		{0A01E2FF-6E0F-4465-BD3F-1E5B6149DBBA}.Debug|Any CPU.ActiveCfg = Debug|Any CPU
		{0A01E2FF-6E0F-4465-BD3F-1E5B6149DBBA}.Debug|Any CPU.Build.0 = Debug|Any CPU
		{0A01E2FF-6E0F-4465-BD3F-1E5B6149DBBA}.Release|Any CPU.ActiveCfg = Release|Any CPU
		{0A01E2FF-6E0F-4465-BD3F-1E5B6149DBBA}.Release|Any CPU.Build.0 = Release|Any CPU
	EndGlobalSection
	GlobalSection(SolutionProperties) = preSolution
		HideSolutionNode = FALSE
	EndGlobalSection
	GlobalSection(ExtensibilityGlobals) = postSolution
		SolutionGuid = {7CBAACFC-80E7-4969-8431-DA00FE12AD4A}
	EndGlobalSection
EndGlobal
